
Microsoft Visual Studio Solution File, Format Version 12.00
# Visual Studio 14
VisualStudioVersion = 14.0.25420.1
MinimumVisualStudioVersion = 10.0.40219.1
Project("{2150E333-8FDC-42A3-9474-1A3956D46DE8}") = "src", "src", "{76742184-C71A-420D-B664-F14E9E6CE5B1}"
EndProject
Project("{2150E333-8FDC-42A3-9474-1A3956D46DE8}") = "Solution Items", "Solution Items", "{396CC00F-2E2C-4681-B285-92B3F440B189}"
	ProjectSection(SolutionItems) = preProject
		global.json = global.json
	EndProjectSection
EndProject
Project("{8BB2217D-0F2D-49D1-97BC-3654ED321F3B}") = "AspNetCoreBlogSample", "src\AspNetCoreBlogSample\AspNetCoreBlogSample.xproj", "{7421192D-BB39-4131-A849-3080B2C66FC8}"
EndProject
Global
	GlobalSection(SolutionConfigurationPlatforms) = preSolution
		Debug|Any CPU = Debug|Any CPU
		Release|Any CPU = Release|Any CPU
	EndGlobalSection
	GlobalSection(ProjectConfigurationPlatforms) = postSolution
		{7421192D-BB39-4131-A849-3080B2C66FC8}.Debug|Any CPU.ActiveCfg = Debug|Any CPU
		{7421192D-BB39-4131-A849-3080B2C66FC8}.Debug|Any CPU.Build.0 = Debug|Any CPU
		{7421192D-BB39-4131-A849-3080B2C66FC8}.Release|Any CPU.ActiveCfg = Release|Any CPU
		{7421192D-BB39-4131-A849-3080B2C66FC8}.Release|Any CPU.Build.0 = Release|Any CPU
	EndGlobalSection
	GlobalSection(SolutionProperties) = preSolution
		HideSolutionNode = FALSE
	EndGlobalSection
	GlobalSection(NestedProjects) = preSolution
		{7421192D-BB39-4131-A849-3080B2C66FC8} = {76742184-C71A-420D-B664-F14E9E6CE5B1}
	EndGlobalSection
EndGlobal
